// !$*UTF8*$!
{
	archiveVersion = 1;
	classes = {
	};
	objectVersion = 50;
	objects = {

/* Begin PBXBuildFile section */
		A4313E7A2283DB97001644BE /* Login.swift in Sources */ = {isa = PBXBuildFile; fileRef = A4313E792283DB97001644BE /* Login.swift */; };
		A4313E7C2283DB9F001644BE /* MessageTransferSystem.swift in Sources */ = {isa = PBXBuildFile; fileRef = A4313E7B2283DB9F001644BE /* MessageTransferSystem.swift */; };
		A4313E802283E552001644BE /* RoomConfig.swift in Sources */ = {isa = PBXBuildFile; fileRef = A4313E7F2283E552001644BE /* RoomConfig.swift */; };
		A4313E8222845131001644BE /* MTSRequest.swift in Sources */ = {isa = PBXBuildFile; fileRef = A4313E8122845131001644BE /* MTSRequest.swift */; };
		A4E4FB1E2277FE5400A00744 /* AppDelegate.swift in Sources */ = {isa = PBXBuildFile; fileRef = A4E4FB1D2277FE5400A00744 /* AppDelegate.swift */; };
		A4E4FB202277FE5400A00744 /* ViewController.swift in Sources */ = {isa = PBXBuildFile; fileRef = A4E4FB1F2277FE5400A00744 /* ViewController.swift */; };
		A4E4FB252277FE5900A00744 /* Assets.xcassets in Resources */ = {isa = PBXBuildFile; fileRef = A4E4FB242277FE5900A00744 /* Assets.xcassets */; };
		A4E4FB3A227A903000A00744 /* OPL.swift in Sources */ = {isa = PBXBuildFile; fileRef = A4E4FB39227A903000A00744 /* OPL.swift */; };
/* End PBXBuildFile section */

/* Begin PBXFileReference section */
		A4313E792283DB97001644BE /* Login.swift */ = {isa = PBXFileReference; fileEncoding = 4; lastKnownFileType = sourcecode.swift; path = Login.swift; sourceTree = "<group>"; };
		A4313E7B2283DB9F001644BE /* MessageTransferSystem.swift */ = {isa = PBXFileReference; fileEncoding = 4; lastKnownFileType = sourcecode.swift; path = MessageTransferSystem.swift; sourceTree = "<group>"; };
		A4313E7F2283E552001644BE /* RoomConfig.swift */ = {isa = PBXFileReference; lastKnownFileType = sourcecode.swift; path = RoomConfig.swift; sourceTree = "<group>"; };
		A4313E8122845131001644BE /* MTSRequest.swift */ = {isa = PBXFileReference; lastKnownFileType = sourcecode.swift; path = MTSRequest.swift; sourceTree = "<group>"; };
		A4E4FB1A2277FE5400A00744 /* MTS.app */ = {isa = PBXFileReference; explicitFileType = wrapper.application; includeInIndex = 0; path = MTS.app; sourceTree = BUILT_PRODUCTS_DIR; };
		A4E4FB1D2277FE5400A00744 /* AppDelegate.swift */ = {isa = PBXFileReference; lastKnownFileType = sourcecode.swift; path = AppDelegate.swift; sourceTree = "<group>"; };
		A4E4FB1F2277FE5400A00744 /* ViewController.swift */ = {isa = PBXFileReference; lastKnownFileType = sourcecode.swift; path = ViewController.swift; sourceTree = "<group>"; };
		A4E4FB242277FE5900A00744 /* Assets.xcassets */ = {isa = PBXFileReference; lastKnownFileType = folder.assetcatalog; path = Assets.xcassets; sourceTree = "<group>"; };
		A4E4FB292277FE5900A00744 /* Info.plist */ = {isa = PBXFileReference; lastKnownFileType = text.plist.xml; path = Info.plist; sourceTree = "<group>"; };
		A4E4FB39227A903000A00744 /* OPL.swift */ = {isa = PBXFileReference; lastKnownFileType = sourcecode.swift; path = OPL.swift; sourceTree = "<group>"; };
/* End PBXFileReference section */

/* Begin PBXFrameworksBuildPhase section */
		A4E4FB172277FE5400A00744 /* Frameworks */ = {
			isa = PBXFrameworksBuildPhase;
			buildActionMask = 2147483647;
			files = (
			);
			runOnlyForDeploymentPostprocessing = 0;
		};
/* End PBXFrameworksBuildPhase section */

/* Begin PBXGroup section */
		A4313E772283DB6F001644BE /* MessageTransferSystem */ = {
			isa = PBXGroup;
			children = (
				A4313E7B2283DB9F001644BE /* MessageTransferSystem.swift */,
				A4313E782283DB85001644BE /* Entities */,
				A4313E8122845131001644BE /* MTSRequest.swift */,
			);
			name = MessageTransferSystem;
			sourceTree = "<group>";
		};
		A4313E782283DB85001644BE /* Entities */ = {
			isa = PBXGroup;
			children = (
				A4313E792283DB97001644BE /* Login.swift */,
				A4313E7F2283E552001644BE /* RoomConfig.swift */,
			);
			name = Entities;
			sourceTree = "<group>";
		};
		A4E4FB112277FE5400A00744 = {
			isa = PBXGroup;
			children = (
				A4E4FB1C2277FE5400A00744 /* MTS */,
				A4E4FB1B2277FE5400A00744 /* Products */,
			);
			sourceTree = "<group>";
		};
		A4E4FB1B2277FE5400A00744 /* Products */ = {
			isa = PBXGroup;
			children = (
				A4E4FB1A2277FE5400A00744 /* MTS.app */,
			);
			name = Products;
			sourceTree = "<group>";
		};
		A4E4FB1C2277FE5400A00744 /* MTS */ = {
			isa = PBXGroup;
			children = (
				A4313E772283DB6F001644BE /* MessageTransferSystem */,
				A4E4FB38227A900F00A00744 /* OPL */,
				A4E4FB1D2277FE5400A00744 /* AppDelegate.swift */,
				A4E4FB1F2277FE5400A00744 /* ViewController.swift */,
				A4E4FB242277FE5900A00744 /* Assets.xcassets */,
				A4E4FB292277FE5900A00744 /* Info.plist */,
			);
			path = MTS;
			sourceTree = "<group>";
		};
		A4E4FB38227A900F00A00744 /* OPL */ = {
			isa = PBXGroup;
			children = (
				A4E4FB39227A903000A00744 /* OPL.swift */,
			);
			path = OPL;
			sourceTree = "<group>";
		};
/* End PBXGroup section */

/* Begin PBXNativeTarget section */
		A4E4FB192277FE5400A00744 /* MTS */ = {
			isa = PBXNativeTarget;
			buildConfigurationList = A4E4FB2C2277FE5900A00744 /* Build configuration list for PBXNativeTarget "MTS" */;
			buildPhases = (
				A4E4FB162277FE5400A00744 /* Sources */,
				A4E4FB172277FE5400A00744 /* Frameworks */,
				A4E4FB182277FE5400A00744 /* Resources */,
			);
			buildRules = (
			);
			dependencies = (
			);
			name = MTS;
			productName = MTS;
			productReference = A4E4FB1A2277FE5400A00744 /* MTS.app */;
			productType = "com.apple.product-type.application";
		};
/* End PBXNativeTarget section */

/* Begin PBXProject section */
		A4E4FB122277FE5400A00744 /* Project object */ = {
			isa = PBXProject;
			attributes = {
				LastSwiftUpdateCheck = 1020;
				LastUpgradeCheck = 1020;
				ORGANIZATIONNAME = "Rand Dow";
				TargetAttributes = {
					A4E4FB192277FE5400A00744 = {
						CreatedOnToolsVersion = 10.2.1;
					};
				};
			};
			buildConfigurationList = A4E4FB152277FE5400A00744 /* Build configuration list for PBXProject "MTS" */;
			compatibilityVersion = "Xcode 9.3";
			developmentRegion = en;
			hasScannedForEncodings = 0;
			knownRegions = (
				en,
				Base,
			);
			mainGroup = A4E4FB112277FE5400A00744;
			productRefGroup = A4E4FB1B2277FE5400A00744 /* Products */;
			projectDirPath = "";
			projectRoot = "";
			targets = (
				A4E4FB192277FE5400A00744 /* MTS */,
			);
		};
/* End PBXProject section */

/* Begin PBXResourcesBuildPhase section */
		A4E4FB182277FE5400A00744 /* Resources */ = {
			isa = PBXResourcesBuildPhase;
			buildActionMask = 2147483647;
			files = (
				A4E4FB252277FE5900A00744 /* Assets.xcassets in Resources */,
			);
			runOnlyForDeploymentPostprocessing = 0;
		};
/* End PBXResourcesBuildPhase section */

/* Begin PBXSourcesBuildPhase section */
		A4E4FB162277FE5400A00744 /* Sources */ = {
			isa = PBXSourcesBuildPhase;
			buildActionMask = 2147483647;
			files = (
				A4E4FB202277FE5400A00744 /* ViewController.swift in Sources */,
				A4E4FB3A227A903000A00744 /* OPL.swift in Sources */,
				A4313E8222845131001644BE /* MTSRequest.swift in Sources */,
				A4E4FB1E2277FE5400A00744 /* AppDelegate.swift in Sources */,
				A4313E7C2283DB9F001644BE /* MessageTransferSystem.swift in Sources */,
				A4313E7A2283DB97001644BE /* Login.swift in Sources */,
				A4313E802283E552001644BE /* RoomConfig.swift in Sources */,
			);
			runOnlyForDeploymentPostprocessing = 0;
		};
/* End PBXSourcesBuildPhase section */

/* Begin XCBuildConfiguration section */
		A4E4FB2A2277FE5900A00744 /* Debug */ = {
			isa = XCBuildConfiguration;
			buildSettings = {
				ALWAYS_SEARCH_USER_PATHS = NO;
				CLANG_ANALYZER_NONNULL = YES;
				CLANG_ANALYZER_NUMBER_OBJECT_CONVERSION = YES_AGGRESSIVE;
				CLANG_CXX_LANGUAGE_STANDARD = "gnu++14";
				CLANG_CXX_LIBRARY = "libc++";
				CLANG_ENABLE_MODULES = YES;
				CLANG_ENABLE_OBJC_ARC = YES;
				CLANG_ENABLE_OBJC_WEAK = YES;
				CLANG_WARN_BLOCK_CAPTURE_AUTORELEASING = YES;
				CLANG_WARN_BOOL_CONVERSION = YES;
				CLANG_WARN_COMMA = YES;
				CLANG_WARN_CONSTANT_CONVERSION = YES;
				CLANG_WARN_DEPRECATED_OBJC_IMPLEMENTATIONS = YES;
				CLANG_WARN_DIRECT_OBJC_ISA_USAGE = YES_ERROR;
				CLANG_WARN_DOCUMENTATION_COMMENTS = YES;
				CLANG_WARN_EMPTY_BODY = YES;
				CLANG_WARN_ENUM_CONVERSION = YES;
				CLANG_WARN_INFINITE_RECURSION = YES;
				CLANG_WARN_INT_CONVERSION = YES;
				CLANG_WARN_NON_LITERAL_NULL_CONVERSION = YES;
				CLANG_WARN_OBJC_IMPLICIT_RETAIN_SELF = YES;
				CLANG_WARN_OBJC_LITERAL_CONVERSION = YES;
				CLANG_WARN_OBJC_ROOT_CLASS = YES_ERROR;
				CLANG_WARN_RANGE_LOOP_ANALYSIS = YES;
				CLANG_WARN_STRICT_PROTOTYPES = YES;
				CLANG_WARN_SUSPICIOUS_MOVE = YES;
				CLANG_WARN_UNGUARDED_AVAILABILITY = YES_AGGRESSIVE;
				CLANG_WARN_UNREACHABLE_CODE = YES;
				CLANG_WARN__DUPLICATE_METHOD_MATCH = YES;
				CODE_SIGN_IDENTITY = "iPhone Developer";
				COPY_PHASE_STRIP = NO;
				DEBUG_INFORMATION_FORMAT = dwarf;
				ENABLE_STRICT_OBJC_MSGSEND = YES;
				ENABLE_TESTABILITY = YES;
				GCC_C_LANGUAGE_STANDARD = gnu11;
				GCC_DYNAMIC_NO_PIC = NO;
				GCC_NO_COMMON_BLOCKS = YES;
				GCC_OPTIMIZATION_LEVEL = 0;
				GCC_PREPROCESSOR_DEFINITIONS = (
					"DEBUG=1",
					"$(inherited)",
				);
				GCC_WARN_64_TO_32_BIT_CONVERSION = YES;
				GCC_WARN_ABOUT_RETURN_TYPE = YES_ERROR;
				GCC_WARN_UNDECLARED_SELECTOR = YES;
				GCC_WARN_UNINITIALIZED_AUTOS = YES_AGGRESSIVE;
				GCC_WARN_UNUSED_FUNCTION = YES;
				GCC_WARN_UNUSED_VARIABLE = YES;
				IPHONEOS_DEPLOYMENT_TARGET = 12.2;
				MTL_ENABLE_DEBUG_INFO = INCLUDE_SOURCE;
				MTL_FAST_MATH = YES;
				ONLY_ACTIVE_ARCH = YES;
				SDKROOT = iphoneos;
				SWIFT_ACTIVE_COMPILATION_CONDITIONS = DEBUG;
				SWIFT_OPTIMIZATION_LEVEL = "-Onone";
			};
			name = Debug;
		};
		A4E4FB2B2277FE5900A00744 /* Release */ = {
			isa = XCBuildConfiguration;
			buildSettings = {
				ALWAYS_SEARCH_USER_PATHS = NO;
				CLANG_ANALYZER_NONNULL = YES;
				CLANG_ANALYZER_NUMBER_OBJECT_CONVERSION = YES_AGGRESSIVE;
				CLANG_CXX_LANGUAGE_STANDARD = "gnu++14";
				CLANG_CXX_LIBRARY = "libc++";
				CLANG_ENABLE_MODULES = YES;
				CLANG_ENABLE_OBJC_ARC = YES;
				CLANG_ENABLE_OBJC_WEAK = YES;
				CLANG_WARN_BLOCK_CAPTURE_AUTORELEASING = YES;
				CLANG_WARN_BOOL_CONVERSION = YES;
				CLANG_WARN_COMMA = YES;
				CLANG_WARN_CONSTANT_CONVERSION = YES;
				CLANG_WARN_DEPRECATED_OBJC_IMPLEMENTATIONS = YES;
				CLANG_WARN_DIRECT_OBJC_ISA_USAGE = YES_ERROR;
				CLANG_WARN_DOCUMENTATION_COMMENTS = YES;
				CLANG_WARN_EMPTY_BODY = YES;
				CLANG_WARN_ENUM_CONVERSION = YES;
				CLANG_WARN_INFINITE_RECURSION = YES;
				CLANG_WARN_INT_CONVERSION = YES;
				CLANG_WARN_NON_LITERAL_NULL_CONVERSION = YES;
				CLANG_WARN_OBJC_IMPLICIT_RETAIN_SELF = YES;
				CLANG_WARN_OBJC_LITERAL_CONVERSION = YES;
				CLANG_WARN_OBJC_ROOT_CLASS = YES_ERROR;
				CLANG_WARN_RANGE_LOOP_ANALYSIS = YES;
				CLANG_WARN_STRICT_PROTOTYPES = YES;
				CLANG_WARN_SUSPICIOUS_MOVE = YES;
				CLANG_WARN_UNGUARDED_AVAILABILITY = YES_AGGRESSIVE;
				CLANG_WARN_UNREACHABLE_CODE = YES;
				CLANG_WARN__DUPLICATE_METHOD_MATCH = YES;
				CODE_SIGN_IDENTITY = "iPhone Developer";
				COPY_PHASE_STRIP = NO;
				DEBUG_INFORMATION_FORMAT = "dwarf-with-dsym";
				ENABLE_NS_ASSERTIONS = NO;
				ENABLE_STRICT_OBJC_MSGSEND = YES;
				GCC_C_LANGUAGE_STANDARD = gnu11;
				GCC_NO_COMMON_BLOCKS = YES;
				GCC_WARN_64_TO_32_BIT_CONVERSION = YES;
				GCC_WARN_ABOUT_RETURN_TYPE = YES_ERROR;
				GCC_WARN_UNDECLARED_SELECTOR = YES;
				GCC_WARN_UNINITIALIZED_AUTOS = YES_AGGRESSIVE;
				GCC_WARN_UNUSED_FUNCTION = YES;
				GCC_WARN_UNUSED_VARIABLE = YES;
				IPHONEOS_DEPLOYMENT_TARGET = 12.2;
				MTL_ENABLE_DEBUG_INFO = NO;
				MTL_FAST_MATH = YES;
				SDKROOT = iphoneos;
				SWIFT_COMPILATION_MODE = wholemodule;
				SWIFT_OPTIMIZATION_LEVEL = "-O";
				VALIDATE_PRODUCT = YES;
			};
			name = Release;
		};
		A4E4FB2D2277FE5900A00744 /* Debug */ = {
			isa = XCBuildConfiguration;
			buildSettings = {
				ASSETCATALOG_COMPILER_APPICON_NAME = AppIcon;
				CODE_SIGN_STYLE = Automatic;
				INFOPLIST_FILE = MTS/Info.plist;
				LD_RUNPATH_SEARCH_PATHS = (
					"$(inherited)",
					"@executable_path/Frameworks",
				);
				PRODUCT_BUNDLE_IDENTIFIER = com.utc.MTS;
				PRODUCT_NAME = "$(TARGET_NAME)";
				SWIFT_VERSION = 5.0;
				TARGETED_DEVICE_FAMILY = "1,2";
			};
			name = Debug;
		};
		A4E4FB2E2277FE5900A00744 /* Release */ = {
			isa = XCBuildConfiguration;
			buildSettings = {
				ASSETCATALOG_COMPILER_APPICON_NAME = AppIcon;
				CODE_SIGN_STYLE = Automatic;
				INFOPLIST_FILE = MTS/Info.plist;
				LD_RUNPATH_SEARCH_PATHS = (
					"$(inherited)",
					"@executable_path/Frameworks",
				);
				PRODUCT_BUNDLE_IDENTIFIER = com.utc.MTS;
				PRODUCT_NAME = "$(TARGET_NAME)";
				SWIFT_VERSION = 5.0;
				TARGETED_DEVICE_FAMILY = "1,2";
			};
			name = Release;
		};
/* End XCBuildConfiguration section */

/* Begin XCConfigurationList section */
		A4E4FB152277FE5400A00744 /* Build configuration list for PBXProject "MTS" */ = {
			isa = XCConfigurationList;
			buildConfigurations = (
				A4E4FB2A2277FE5900A00744 /* Debug */,
				A4E4FB2B2277FE5900A00744 /* Release */,
			);
			defaultConfigurationIsVisible = 0;
			defaultConfigurationName = Release;
		};
		A4E4FB2C2277FE5900A00744 /* Build configuration list for PBXNativeTarget "MTS" */ = {
			isa = XCConfigurationList;
			buildConfigurations = (
				A4E4FB2D2277FE5900A00744 /* Debug */,
				A4E4FB2E2277FE5900A00744 /* Release */,
			);
			defaultConfigurationIsVisible = 0;
			defaultConfigurationName = Release;
		};
/* End XCConfigurationList section */
	};
	rootObject = A4E4FB122277FE5400A00744 /* Project object */;
}
